
Microsoft Visual Studio Solution File, Format Version 12.00
# Visual Studio Version 16
VisualStudioVersion = 16.0.35731.53
MinimumVisualStudioVersion = 10.0.40219.1
Project("{8BC9CEB8-8B4A-11D0-8D11-00A0C91BC942}") = "Main", "Main\Main.vcxproj", "{4DFD0441-F788-49CA-80D5-636B0694DE31}"
EndProject
Global
	GlobalSection(SolutionConfigurationPlatforms) = preSolution
		Debug|x64 = Debug|x64
		Debug|x86 = Debug|x86
		Release|x64 = Release|x64
		Release|x86 = Release|x86
	EndGlobalSection
	GlobalSection(ProjectConfigurationPlatforms) = postSolution
		{4DFD0441-F788-49CA-80D5-636B0694DE31}.Debug|x64.ActiveCfg = Debug|x64
		{4DFD0441-F788-49CA-80D5-636B0694DE31}.Debug|x64.Build.0 = Debug|x64
		{4DFD0441-F788-49CA-80D5-636B0694DE31}.Debug|x86.ActiveCfg = Debug|Win32
		{4DFD0441-F788-49CA-80D5-636B0694DE31}.Debug|x86.Build.0 = Debug|Win32
		{4DFD0441-F788-49CA-80D5-636B0694DE31}.Release|x64.ActiveCfg = Release|x64
		{4DFD0441-F788-49CA-80D5-636B0694DE31}.Release|x64.Build.0 = Release|x64
		{4DFD0441-F788-49CA-80D5-636B0694DE31}.Release|x86.ActiveCfg = Release|Win32
		{4DFD0441-F788-49CA-80D5-636B0694DE31}.Release|x86.Build.0 = Release|Win32
	EndGlobalSection
	GlobalSection(SolutionProperties) = preSolution
		HideSolutionNode = FALSE
	EndGlobalSection
	GlobalSection(ExtensibilityGlobals) = postSolution
		SolutionGuid = {F7C9E5C2-803A-409B-8D1B-6AAB3781FF76}
	EndGlobalSection
EndGlobal
